
Microsoft Visual Studio Solution File, Format Version 12.00
# Visual Studio Version 17
VisualStudioVersion = 17.7.34024.191
MinimumVisualStudioVersion = 10.0.40219.1
Project("{FAE04EC0-301F-11D3-BF4B-00C04F79EFBC}") = "FirstMVCapp", "FirstMVCapp\FirstMVCapp.csproj", "{F640338A-3666-4CAA-9537-E80CC4C9BD07}"
EndProject
Global
	GlobalSection(SolutionConfigurationPlatforms) = preSolution
		Debug|Any CPU = Debug|Any CPU
		Release|Any CPU = Release|Any CPU
	EndGlobalSection
	GlobalSection(ProjectConfigurationPlatforms) = postSolution
		{F640338A-3666-4CAA-9537-E80CC4C9BD07}.Debug|Any CPU.ActiveCfg = Debug|Any CPU
		{F640338A-3666-4CAA-9537-E80CC4C9BD07}.Debug|Any CPU.Build.0 = Debug|Any CPU
		{F640338A-3666-4CAA-9537-E80CC4C9BD07}.Release|Any CPU.ActiveCfg = Release|Any CPU
		{F640338A-3666-4CAA-9537-E80CC4C9BD07}.Release|Any CPU.Build.0 = Release|Any CPU
	EndGlobalSection
	GlobalSection(SolutionProperties) = preSolution
		HideSolutionNode = FALSE
	EndGlobalSection
	GlobalSection(ExtensibilityGlobals) = postSolution
		SolutionGuid = {93EFA263-640D-470B-BF49-F323A7DED2E2}
	EndGlobalSection
EndGlobal
