
Microsoft Visual Studio Solution File, Format Version 12.00
# Visual Studio Version 17
VisualStudioVersion = 17.7.34024.191
MinimumVisualStudioVersion = 10.0.40219.1
Project("{FAE04EC0-301F-11D3-BF4B-00C04F79EFBC}") = "DatabaseConnectionSample", "DatabaseConnectionSample\DatabaseConnectionSample.csproj", "{83307DC5-472E-4202-B700-E041FB37F028}"
EndProject
Global
	GlobalSection(SolutionConfigurationPlatforms) = preSolution
		Debug|Any CPU = Debug|Any CPU
		Release|Any CPU = Release|Any CPU
	EndGlobalSection
	GlobalSection(ProjectConfigurationPlatforms) = postSolution
		{83307DC5-472E-4202-B700-E041FB37F028}.Debug|Any CPU.ActiveCfg = Debug|Any CPU
		{83307DC5-472E-4202-B700-E041FB37F028}.Debug|Any CPU.Build.0 = Debug|Any CPU
		{83307DC5-472E-4202-B700-E041FB37F028}.Release|Any CPU.ActiveCfg = Release|Any CPU
		{83307DC5-472E-4202-B700-E041FB37F028}.Release|Any CPU.Build.0 = Release|Any CPU
	EndGlobalSection
	GlobalSection(SolutionProperties) = preSolution
		HideSolutionNode = FALSE
	EndGlobalSection
	GlobalSection(ExtensibilityGlobals) = postSolution
		SolutionGuid = {C3D4BE03-06DB-453F-97B4-CC913870BB67}
	EndGlobalSection
EndGlobal
